// !$*UTF8*$!
{
	archiveVersion = 1;
	classes = {
	};
	objectVersion = 48;
	objects = {

/* Begin PBXBuildFile section */
		8460A3D12124E3460013EFE5 /* AppDelegate.swift in Sources */ = {isa = PBXBuildFile; fileRef = 8460A3D02124E3460013EFE5 /* AppDelegate.swift */; };
		8460A3D32124E3460013EFE5 /* UpdateController.swift in Sources */ = {isa = PBXBuildFile; fileRef = 8460A3D22124E3460013EFE5 /* UpdateController.swift */; };
		8460A3D62124E3460013EFE5 /* Main.storyboard in Resources */ = {isa = PBXBuildFile; fileRef = 8460A3D42124E3460013EFE5 /* Main.storyboard */; };
		8460A3D92124E3460013EFE5 /* RNews.xcdatamodeld in Sources */ = {isa = PBXBuildFile; fileRef = 8460A3D72124E3460013EFE5 /* RNews.xcdatamodeld */; };
		8460A3DB2124E3460013EFE5 /* Assets.xcassets in Resources */ = {isa = PBXBuildFile; fileRef = 8460A3DA2124E3460013EFE5 /* Assets.xcassets */; };
		8460A3DE2124E3460013EFE5 /* LaunchScreen.storyboard in Resources */ = {isa = PBXBuildFile; fileRef = 8460A3DC2124E3460013EFE5 /* LaunchScreen.storyboard */; };
		8460A3ED2124E7770013EFE5 /* DataAccess.swift in Sources */ = {isa = PBXBuildFile; fileRef = 8460A3EC2124E7770013EFE5 /* DataAccess.swift */; };
		8460A3EF2124E7BC0013EFE5 /* RSSHandler.swift in Sources */ = {isa = PBXBuildFile; fileRef = 8460A3EE2124E7BC0013EFE5 /* RSSHandler.swift */; };
		8460A3F42124EE1F0013EFE5 /* NewsController.swift in Sources */ = {isa = PBXBuildFile; fileRef = 8460A3F32124EE1F0013EFE5 /* NewsController.swift */; };
		8460A3F72124F1660013EFE5 /* NewsCell.swift in Sources */ = {isa = PBXBuildFile; fileRef = 8460A3F62124F1660013EFE5 /* NewsCell.swift */; };
		84753F8621250E86008F3F33 /* DGElasticPullToRefreshView.swift in Sources */ = {isa = PBXBuildFile; fileRef = 84753F8121250E80008F3F33 /* DGElasticPullToRefreshView.swift */; };
		84753F8721250E87008F3F33 /* DGElasticPullToRefreshLoadingView.swift in Sources */ = {isa = PBXBuildFile; fileRef = 84753F8221250E83008F3F33 /* DGElasticPullToRefreshLoadingView.swift */; };
		84753F8821250E87008F3F33 /* DGElasticPullToRefreshLoadingViewCircle.swift in Sources */ = {isa = PBXBuildFile; fileRef = 84753F8321250E85008F3F33 /* DGElasticPullToRefreshLoadingViewCircle.swift */; };
		84753F8921250E87008F3F33 /* DGElasticPullToRefreshExtensions.swift in Sources */ = {isa = PBXBuildFile; fileRef = 84753F8421250E85008F3F33 /* DGElasticPullToRefreshExtensions.swift */; };
		84753F8A21250E87008F3F33 /* DGElasticPullToRefreshConstants.swift in Sources */ = {isa = PBXBuildFile; fileRef = 84753F8521250E85008F3F33 /* DGElasticPullToRefreshConstants.swift */; };
		A92341922129A94600CA53AC /* ImageHandler.swift in Sources */ = {isa = PBXBuildFile; fileRef = A92341912129A94600CA53AC /* ImageHandler.swift */; };
		A92341992129B6F900CA53AC /* RSSController.swift in Sources */ = {isa = PBXBuildFile; fileRef = A92341982129B6F900CA53AC /* RSSController.swift */; };
		A923419B2129B90600CA53AC /* RSSCell.swift in Sources */ = {isa = PBXBuildFile; fileRef = A923419A2129B90600CA53AC /* RSSCell.swift */; };
		A923419E2129C2E800CA53AC /* Constants.swift in Sources */ = {isa = PBXBuildFile; fileRef = A923419D2129C2E800CA53AC /* Constants.swift */; };
		A971C8B5212A951700DEAA93 /* WebController.swift in Sources */ = {isa = PBXBuildFile; fileRef = A971C8B4212A951700DEAA93 /* WebController.swift */; };
		A971C8B8212AA2AB00DEAA93 /* OpenUrlDelegate.swift in Sources */ = {isa = PBXBuildFile; fileRef = A971C8B7212AA2AB00DEAA93 /* OpenUrlDelegate.swift */; };
		A99FDF2D212A542F003130FE /* Converters.swift in Sources */ = {isa = PBXBuildFile; fileRef = A99FDF2C212A542F003130FE /* Converters.swift */; };
		A9ACFA1B212AC93000283CB4 /* UpdateRssDelegate.swift in Sources */ = {isa = PBXBuildFile; fileRef = A9ACFA1A212AC93000283CB4 /* UpdateRssDelegate.swift */; };
		A9FB10FE2125F7C100F28B72 /* News.swift in Sources */ = {isa = PBXBuildFile; fileRef = A9FB10FD2125F7C100F28B72 /* News.swift */; };
		A9FB11002125F7CE00F28B72 /* RSS.swift in Sources */ = {isa = PBXBuildFile; fileRef = A9FB10FF2125F7CE00F28B72 /* RSS.swift */; };
/* End PBXBuildFile section */

/* Begin PBXFileReference section */
		8460A3CD2124E3460013EFE5 /* RNews.app */ = {isa = PBXFileReference; explicitFileType = wrapper.application; includeInIndex = 0; path = RNews.app; sourceTree = BUILT_PRODUCTS_DIR; };
		8460A3D02124E3460013EFE5 /* AppDelegate.swift */ = {isa = PBXFileReference; lastKnownFileType = sourcecode.swift; path = AppDelegate.swift; sourceTree = "<group>"; };
		8460A3D22124E3460013EFE5 /* UpdateController.swift */ = {isa = PBXFileReference; lastKnownFileType = sourcecode.swift; path = UpdateController.swift; sourceTree = "<group>"; };
		8460A3D52124E3460013EFE5 /* Base */ = {isa = PBXFileReference; lastKnownFileType = file.storyboard; name = Base; path = Base.lproj/Main.storyboard; sourceTree = "<group>"; };
		8460A3D82124E3460013EFE5 /* RNews.xcdatamodel */ = {isa = PBXFileReference; lastKnownFileType = wrapper.xcdatamodel; path = RNews.xcdatamodel; sourceTree = "<group>"; };
		8460A3DA2124E3460013EFE5 /* Assets.xcassets */ = {isa = PBXFileReference; lastKnownFileType = folder.assetcatalog; path = Assets.xcassets; sourceTree = "<group>"; };
		8460A3DD2124E3460013EFE5 /* Base */ = {isa = PBXFileReference; lastKnownFileType = file.storyboard; name = Base; path = Base.lproj/LaunchScreen.storyboard; sourceTree = "<group>"; };
		8460A3DF2124E3460013EFE5 /* Info.plist */ = {isa = PBXFileReference; lastKnownFileType = text.plist.xml; path = Info.plist; sourceTree = "<group>"; };
		8460A3EC2124E7770013EFE5 /* DataAccess.swift */ = {isa = PBXFileReference; lastKnownFileType = sourcecode.swift; path = DataAccess.swift; sourceTree = "<group>"; };
		8460A3EE2124E7BC0013EFE5 /* RSSHandler.swift */ = {isa = PBXFileReference; lastKnownFileType = sourcecode.swift; path = RSSHandler.swift; sourceTree = "<group>"; };
		8460A3F32124EE1F0013EFE5 /* NewsController.swift */ = {isa = PBXFileReference; lastKnownFileType = sourcecode.swift; path = NewsController.swift; sourceTree = "<group>"; };
		8460A3F62124F1660013EFE5 /* NewsCell.swift */ = {isa = PBXFileReference; lastKnownFileType = sourcecode.swift; path = NewsCell.swift; sourceTree = "<group>"; };
		84753F8121250E80008F3F33 /* DGElasticPullToRefreshView.swift */ = {isa = PBXFileReference; fileEncoding = 4; lastKnownFileType = sourcecode.swift; path = DGElasticPullToRefreshView.swift; sourceTree = "<group>"; };
		84753F8221250E83008F3F33 /* DGElasticPullToRefreshLoadingView.swift */ = {isa = PBXFileReference; fileEncoding = 4; lastKnownFileType = sourcecode.swift; path = DGElasticPullToRefreshLoadingView.swift; sourceTree = "<group>"; };
		84753F8321250E85008F3F33 /* DGElasticPullToRefreshLoadingViewCircle.swift */ = {isa = PBXFileReference; fileEncoding = 4; lastKnownFileType = sourcecode.swift; path = DGElasticPullToRefreshLoadingViewCircle.swift; sourceTree = "<group>"; };
		84753F8421250E85008F3F33 /* DGElasticPullToRefreshExtensions.swift */ = {isa = PBXFileReference; fileEncoding = 4; lastKnownFileType = sourcecode.swift; path = DGElasticPullToRefreshExtensions.swift; sourceTree = "<group>"; };
		84753F8521250E85008F3F33 /* DGElasticPullToRefreshConstants.swift */ = {isa = PBXFileReference; fileEncoding = 4; lastKnownFileType = sourcecode.swift; path = DGElasticPullToRefreshConstants.swift; sourceTree = "<group>"; };
		A92341912129A94600CA53AC /* ImageHandler.swift */ = {isa = PBXFileReference; lastKnownFileType = sourcecode.swift; path = ImageHandler.swift; sourceTree = "<group>"; };
		A92341982129B6F900CA53AC /* RSSController.swift */ = {isa = PBXFileReference; lastKnownFileType = sourcecode.swift; path = RSSController.swift; sourceTree = "<group>"; };
		A923419A2129B90600CA53AC /* RSSCell.swift */ = {isa = PBXFileReference; lastKnownFileType = sourcecode.swift; path = RSSCell.swift; sourceTree = "<group>"; };
		A923419D2129C2E800CA53AC /* Constants.swift */ = {isa = PBXFileReference; lastKnownFileType = sourcecode.swift; path = Constants.swift; sourceTree = "<group>"; };
		A971C8B4212A951700DEAA93 /* WebController.swift */ = {isa = PBXFileReference; lastKnownFileType = sourcecode.swift; path = WebController.swift; sourceTree = "<group>"; };
		A971C8B7212AA2AB00DEAA93 /* OpenUrlDelegate.swift */ = {isa = PBXFileReference; lastKnownFileType = sourcecode.swift; path = OpenUrlDelegate.swift; sourceTree = "<group>"; };
		A99FDF2C212A542F003130FE /* Converters.swift */ = {isa = PBXFileReference; lastKnownFileType = sourcecode.swift; path = Converters.swift; sourceTree = "<group>"; };
		A9ACFA1A212AC93000283CB4 /* UpdateRssDelegate.swift */ = {isa = PBXFileReference; lastKnownFileType = sourcecode.swift; path = UpdateRssDelegate.swift; sourceTree = "<group>"; };
		A9FB10FD2125F7C100F28B72 /* News.swift */ = {isa = PBXFileReference; lastKnownFileType = sourcecode.swift; path = News.swift; sourceTree = "<group>"; };
		A9FB10FF2125F7CE00F28B72 /* RSS.swift */ = {isa = PBXFileReference; lastKnownFileType = sourcecode.swift; path = RSS.swift; sourceTree = "<group>"; };
/* End PBXFileReference section */

/* Begin PBXFrameworksBuildPhase section */
		8460A3CA2124E3460013EFE5 /* Frameworks */ = {
			isa = PBXFrameworksBuildPhase;
			buildActionMask = 2147483647;
			files = (
			);
			runOnlyForDeploymentPostprocessing = 0;
		};
/* End PBXFrameworksBuildPhase section */

/* Begin PBXGroup section */
		8460A3C42124E3450013EFE5 = {
			isa = PBXGroup;
			children = (
				8460A3CF2124E3460013EFE5 /* RNews */,
				8460A3CE2124E3460013EFE5 /* Products */,
			);
			sourceTree = "<group>";
		};
		8460A3CE2124E3460013EFE5 /* Products */ = {
			isa = PBXGroup;
			children = (
				8460A3CD2124E3460013EFE5 /* RNews.app */,
			);
			name = Products;
			sourceTree = "<group>";
		};
		8460A3CF2124E3460013EFE5 /* RNews */ = {
			isa = PBXGroup;
			children = (
				A971C8B6212AA28800DEAA93 /* Protocols */,
				A923419C2129C2BF00CA53AC /* Helper */,
				84753F8021250D1C008F3F33 /* DGElasticPullToRefresh */,
				8460A3F52124F14C0013EFE5 /* Cells */,
				8460A3F22124EA080013EFE5 /* Controller */,
				8460A3EB2124E71D0013EFE5 /* Classes */,
				8460A3D02124E3460013EFE5 /* AppDelegate.swift */,
				8460A3D42124E3460013EFE5 /* Main.storyboard */,
				8460A3DA2124E3460013EFE5 /* Assets.xcassets */,
				8460A3DC2124E3460013EFE5 /* LaunchScreen.storyboard */,
				8460A3DF2124E3460013EFE5 /* Info.plist */,
				8460A3D72124E3460013EFE5 /* RNews.xcdatamodeld */,
			);
			path = RNews;
			sourceTree = "<group>";
		};
		8460A3EB2124E71D0013EFE5 /* Classes */ = {
			isa = PBXGroup;
			children = (
				8460A3EC2124E7770013EFE5 /* DataAccess.swift */,
				8460A3EE2124E7BC0013EFE5 /* RSSHandler.swift */,
				A9FB10FD2125F7C100F28B72 /* News.swift */,
				A9FB10FF2125F7CE00F28B72 /* RSS.swift */,
				A92341912129A94600CA53AC /* ImageHandler.swift */,
			);
			path = Classes;
			sourceTree = "<group>";
		};
		8460A3F22124EA080013EFE5 /* Controller */ = {
			isa = PBXGroup;
			children = (
				8460A3D22124E3460013EFE5 /* UpdateController.swift */,
				8460A3F32124EE1F0013EFE5 /* NewsController.swift */,
				A92341982129B6F900CA53AC /* RSSController.swift */,
				A971C8B4212A951700DEAA93 /* WebController.swift */,
			);
			path = Controller;
			sourceTree = "<group>";
		};
		8460A3F52124F14C0013EFE5 /* Cells */ = {
			isa = PBXGroup;
			children = (
				8460A3F62124F1660013EFE5 /* NewsCell.swift */,
				A923419A2129B90600CA53AC /* RSSCell.swift */,
			);
			path = Cells;
			sourceTree = "<group>";
		};
		84753F8021250D1C008F3F33 /* DGElasticPullToRefresh */ = {
			isa = PBXGroup;
			children = (
				84753F8521250E85008F3F33 /* DGElasticPullToRefreshConstants.swift */,
				84753F8421250E85008F3F33 /* DGElasticPullToRefreshExtensions.swift */,
				84753F8221250E83008F3F33 /* DGElasticPullToRefreshLoadingView.swift */,
				84753F8321250E85008F3F33 /* DGElasticPullToRefreshLoadingViewCircle.swift */,
				84753F8121250E80008F3F33 /* DGElasticPullToRefreshView.swift */,
			);
			path = DGElasticPullToRefresh;
			sourceTree = "<group>";
		};
		A923419C2129C2BF00CA53AC /* Helper */ = {
			isa = PBXGroup;
			children = (
				A923419D2129C2E800CA53AC /* Constants.swift */,
				A99FDF2C212A542F003130FE /* Converters.swift */,
			);
			path = Helper;
			sourceTree = "<group>";
		};
		A971C8B6212AA28800DEAA93 /* Protocols */ = {
			isa = PBXGroup;
			children = (
				A971C8B7212AA2AB00DEAA93 /* OpenUrlDelegate.swift */,
				A9ACFA1A212AC93000283CB4 /* UpdateRssDelegate.swift */,
			);
			path = Protocols;
			sourceTree = "<group>";
		};
/* End PBXGroup section */

/* Begin PBXNativeTarget section */
		8460A3CC2124E3460013EFE5 /* RNews */ = {
			isa = PBXNativeTarget;
			buildConfigurationList = 8460A3E22124E3460013EFE5 /* Build configuration list for PBXNativeTarget "RNews" */;
			buildPhases = (
				8460A3C92124E3460013EFE5 /* Sources */,
				8460A3CA2124E3460013EFE5 /* Frameworks */,
				8460A3CB2124E3460013EFE5 /* Resources */,
			);
			buildRules = (
			);
			dependencies = (
			);
			name = RNews;
			productName = RNews;
			productReference = 8460A3CD2124E3460013EFE5 /* RNews.app */;
			productType = "com.apple.product-type.application";
		};
/* End PBXNativeTarget section */

/* Begin PBXProject section */
		8460A3C52124E3450013EFE5 /* Project object */ = {
			isa = PBXProject;
			attributes = {
				LastSwiftUpdateCheck = 0920;
				LastUpgradeCheck = 0920;
				ORGANIZATIONNAME = "Khoa Huu Tran";
				TargetAttributes = {
					8460A3CC2124E3460013EFE5 = {
						CreatedOnToolsVersion = 9.2;
						ProvisioningStyle = Automatic;
					};
				};
			};
			buildConfigurationList = 8460A3C82124E3450013EFE5 /* Build configuration list for PBXProject "RNews" */;
			compatibilityVersion = "Xcode 8.0";
			developmentRegion = en;
			hasScannedForEncodings = 0;
			knownRegions = (
				en,
				Base,
			);
			mainGroup = 8460A3C42124E3450013EFE5;
			productRefGroup = 8460A3CE2124E3460013EFE5 /* Products */;
			projectDirPath = "";
			projectRoot = "";
			targets = (
				8460A3CC2124E3460013EFE5 /* RNews */,
			);
		};
/* End PBXProject section */

/* Begin PBXResourcesBuildPhase section */
		8460A3CB2124E3460013EFE5 /* Resources */ = {
			isa = PBXResourcesBuildPhase;
			buildActionMask = 2147483647;
			files = (
				8460A3DE2124E3460013EFE5 /* LaunchScreen.storyboard in Resources */,
				8460A3DB2124E3460013EFE5 /* Assets.xcassets in Resources */,
				8460A3D62124E3460013EFE5 /* Main.storyboard in Resources */,
			);
			runOnlyForDeploymentPostprocessing = 0;
		};
/* End PBXResourcesBuildPhase section */

/* Begin PBXSourcesBuildPhase section */
		8460A3C92124E3460013EFE5 /* Sources */ = {
			isa = PBXSourcesBuildPhase;
			buildActionMask = 2147483647;
			files = (
				A9ACFA1B212AC93000283CB4 /* UpdateRssDelegate.swift in Sources */,
				A971C8B5212A951700DEAA93 /* WebController.swift in Sources */,
				8460A3D32124E3460013EFE5 /* UpdateController.swift in Sources */,
				A971C8B8212AA2AB00DEAA93 /* OpenUrlDelegate.swift in Sources */,
				8460A3D12124E3460013EFE5 /* AppDelegate.swift in Sources */,
				84753F8A21250E87008F3F33 /* DGElasticPullToRefreshConstants.swift in Sources */,
				84753F8821250E87008F3F33 /* DGElasticPullToRefreshLoadingViewCircle.swift in Sources */,
				A9FB10FE2125F7C100F28B72 /* News.swift in Sources */,
				A923419B2129B90600CA53AC /* RSSCell.swift in Sources */,
				8460A3D92124E3460013EFE5 /* RNews.xcdatamodeld in Sources */,
				A92341922129A94600CA53AC /* ImageHandler.swift in Sources */,
				84753F8921250E87008F3F33 /* DGElasticPullToRefreshExtensions.swift in Sources */,
				8460A3F42124EE1F0013EFE5 /* NewsController.swift in Sources */,
				84753F8721250E87008F3F33 /* DGElasticPullToRefreshLoadingView.swift in Sources */,
				A92341992129B6F900CA53AC /* RSSController.swift in Sources */,
				8460A3ED2124E7770013EFE5 /* DataAccess.swift in Sources */,
				84753F8621250E86008F3F33 /* DGElasticPullToRefreshView.swift in Sources */,
				A99FDF2D212A542F003130FE /* Converters.swift in Sources */,
				8460A3F72124F1660013EFE5 /* NewsCell.swift in Sources */,
				8460A3EF2124E7BC0013EFE5 /* RSSHandler.swift in Sources */,
				A9FB11002125F7CE00F28B72 /* RSS.swift in Sources */,
				A923419E2129C2E800CA53AC /* Constants.swift in Sources */,
			);
			runOnlyForDeploymentPostprocessing = 0;
		};
/* End PBXSourcesBuildPhase section */

/* Begin PBXVariantGroup section */
		8460A3D42124E3460013EFE5 /* Main.storyboard */ = {
			isa = PBXVariantGroup;
			children = (
				8460A3D52124E3460013EFE5 /* Base */,
			);
			name = Main.storyboard;
			sourceTree = "<group>";
		};
		8460A3DC2124E3460013EFE5 /* LaunchScreen.storyboard */ = {
			isa = PBXVariantGroup;
			children = (
				8460A3DD2124E3460013EFE5 /* Base */,
			);
			name = LaunchScreen.storyboard;
			sourceTree = "<group>";
		};
/* End PBXVariantGroup section */

/* Begin XCBuildConfiguration section */
		8460A3E02124E3460013EFE5 /* Debug */ = {
			isa = XCBuildConfiguration;
			buildSettings = {
				ALWAYS_SEARCH_USER_PATHS = NO;
				CLANG_ANALYZER_NONNULL = YES;
				CLANG_ANALYZER_NUMBER_OBJECT_CONVERSION = YES_AGGRESSIVE;
				CLANG_CXX_LANGUAGE_STANDARD = "gnu++14";
				CLANG_CXX_LIBRARY = "libc++";
				CLANG_ENABLE_MODULES = YES;
				CLANG_ENABLE_OBJC_ARC = YES;
				CLANG_WARN_BLOCK_CAPTURE_AUTORELEASING = YES;
				CLANG_WARN_BOOL_CONVERSION = YES;
				CLANG_WARN_COMMA = YES;
				CLANG_WARN_CONSTANT_CONVERSION = YES;
				CLANG_WARN_DIRECT_OBJC_ISA_USAGE = YES_ERROR;
				CLANG_WARN_DOCUMENTATION_COMMENTS = YES;
				CLANG_WARN_EMPTY_BODY = YES;
				CLANG_WARN_ENUM_CONVERSION = YES;
				CLANG_WARN_INFINITE_RECURSION = YES;
				CLANG_WARN_INT_CONVERSION = YES;
				CLANG_WARN_NON_LITERAL_NULL_CONVERSION = YES;
				CLANG_WARN_OBJC_LITERAL_CONVERSION = YES;
				CLANG_WARN_OBJC_ROOT_CLASS = YES_ERROR;
				CLANG_WARN_RANGE_LOOP_ANALYSIS = YES;
				CLANG_WARN_STRICT_PROTOTYPES = YES;
				CLANG_WARN_SUSPICIOUS_MOVE = YES;
				CLANG_WARN_UNGUARDED_AVAILABILITY = YES_AGGRESSIVE;
				CLANG_WARN_UNREACHABLE_CODE = YES;
				CLANG_WARN__DUPLICATE_METHOD_MATCH = YES;
				CODE_SIGN_IDENTITY = "iPhone Developer";
				COPY_PHASE_STRIP = NO;
				DEBUG_INFORMATION_FORMAT = dwarf;
				ENABLE_STRICT_OBJC_MSGSEND = YES;
				ENABLE_TESTABILITY = YES;
				GCC_C_LANGUAGE_STANDARD = gnu11;
				GCC_DYNAMIC_NO_PIC = NO;
				GCC_NO_COMMON_BLOCKS = YES;
				GCC_OPTIMIZATION_LEVEL = 0;
				GCC_PREPROCESSOR_DEFINITIONS = (
					"DEBUG=1",
					"$(inherited)",
				);
				GCC_WARN_64_TO_32_BIT_CONVERSION = YES;
				GCC_WARN_ABOUT_RETURN_TYPE = YES_ERROR;
				GCC_WARN_UNDECLARED_SELECTOR = YES;
				GCC_WARN_UNINITIALIZED_AUTOS = YES_AGGRESSIVE;
				GCC_WARN_UNUSED_FUNCTION = YES;
				GCC_WARN_UNUSED_VARIABLE = YES;
				IPHONEOS_DEPLOYMENT_TARGET = 11.2;
				MTL_ENABLE_DEBUG_INFO = YES;
				ONLY_ACTIVE_ARCH = YES;
				SDKROOT = iphoneos;
				SWIFT_ACTIVE_COMPILATION_CONDITIONS = DEBUG;
				SWIFT_OPTIMIZATION_LEVEL = "-Onone";
			};
			name = Debug;
		};
		8460A3E12124E3460013EFE5 /* Release */ = {
			isa = XCBuildConfiguration;
			buildSettings = {
				ALWAYS_SEARCH_USER_PATHS = NO;
				CLANG_ANALYZER_NONNULL = YES;
				CLANG_ANALYZER_NUMBER_OBJECT_CONVERSION = YES_AGGRESSIVE;
				CLANG_CXX_LANGUAGE_STANDARD = "gnu++14";
				CLANG_CXX_LIBRARY = "libc++";
				CLANG_ENABLE_MODULES = YES;
				CLANG_ENABLE_OBJC_ARC = YES;
				CLANG_WARN_BLOCK_CAPTURE_AUTORELEASING = YES;
				CLANG_WARN_BOOL_CONVERSION = YES;
				CLANG_WARN_COMMA = YES;
				CLANG_WARN_CONSTANT_CONVERSION = YES;
				CLANG_WARN_DIRECT_OBJC_ISA_USAGE = YES_ERROR;
				CLANG_WARN_DOCUMENTATION_COMMENTS = YES;
				CLANG_WARN_EMPTY_BODY = YES;
				CLANG_WARN_ENUM_CONVERSION = YES;
				CLANG_WARN_INFINITE_RECURSION = YES;
				CLANG_WARN_INT_CONVERSION = YES;
				CLANG_WARN_NON_LITERAL_NULL_CONVERSION = YES;
				CLANG_WARN_OBJC_LITERAL_CONVERSION = YES;
				CLANG_WARN_OBJC_ROOT_CLASS = YES_ERROR;
				CLANG_WARN_RANGE_LOOP_ANALYSIS = YES;
				CLANG_WARN_STRICT_PROTOTYPES = YES;
				CLANG_WARN_SUSPICIOUS_MOVE = YES;
				CLANG_WARN_UNGUARDED_AVAILABILITY = YES_AGGRESSIVE;
				CLANG_WARN_UNREACHABLE_CODE = YES;
				CLANG_WARN__DUPLICATE_METHOD_MATCH = YES;
				CODE_SIGN_IDENTITY = "iPhone Developer";
				COPY_PHASE_STRIP = NO;
				DEBUG_INFORMATION_FORMAT = "dwarf-with-dsym";
				ENABLE_NS_ASSERTIONS = NO;
				ENABLE_STRICT_OBJC_MSGSEND = YES;
				GCC_C_LANGUAGE_STANDARD = gnu11;
				GCC_NO_COMMON_BLOCKS = YES;
				GCC_WARN_64_TO_32_BIT_CONVERSION = YES;
				GCC_WARN_ABOUT_RETURN_TYPE = YES_ERROR;
				GCC_WARN_UNDECLARED_SELECTOR = YES;
				GCC_WARN_UNINITIALIZED_AUTOS = YES_AGGRESSIVE;
				GCC_WARN_UNUSED_FUNCTION = YES;
				GCC_WARN_UNUSED_VARIABLE = YES;
				IPHONEOS_DEPLOYMENT_TARGET = 11.2;
				MTL_ENABLE_DEBUG_INFO = NO;
				SDKROOT = iphoneos;
				SWIFT_OPTIMIZATION_LEVEL = "-Owholemodule";
				VALIDATE_PRODUCT = YES;
			};
			name = Release;
		};
		8460A3E32124E3460013EFE5 /* Debug */ = {
			isa = XCBuildConfiguration;
			buildSettings = {
				ASSETCATALOG_COMPILER_APPICON_NAME = AppIcon;
				CODE_SIGN_STYLE = Automatic;
				INFOPLIST_FILE = RNews/Info.plist;
				LD_RUNPATH_SEARCH_PATHS = "$(inherited) @executable_path/Frameworks";
				PRODUCT_BUNDLE_IDENTIFIER = com.khoatran.RNews;
				PRODUCT_NAME = "$(TARGET_NAME)";
				SWIFT_VERSION = 4.0;
				TARGETED_DEVICE_FAMILY = "1,2";
			};
			name = Debug;
		};
		8460A3E42124E3460013EFE5 /* Release */ = {
			isa = XCBuildConfiguration;
			buildSettings = {
				ASSETCATALOG_COMPILER_APPICON_NAME = AppIcon;
				CODE_SIGN_STYLE = Automatic;
				INFOPLIST_FILE = RNews/Info.plist;
				LD_RUNPATH_SEARCH_PATHS = "$(inherited) @executable_path/Frameworks";
				PRODUCT_BUNDLE_IDENTIFIER = com.khoatran.RNews;
				PRODUCT_NAME = "$(TARGET_NAME)";
				SWIFT_VERSION = 4.0;
				TARGETED_DEVICE_FAMILY = "1,2";
			};
			name = Release;
		};
/* End XCBuildConfiguration section */

/* Begin XCConfigurationList section */
		8460A3C82124E3450013EFE5 /* Build configuration list for PBXProject "RNews" */ = {
			isa = XCConfigurationList;
			buildConfigurations = (
				8460A3E02124E3460013EFE5 /* Debug */,
				8460A3E12124E3460013EFE5 /* Release */,
			);
			defaultConfigurationIsVisible = 0;
			defaultConfigurationName = Release;
		};
		8460A3E22124E3460013EFE5 /* Build configuration list for PBXNativeTarget "RNews" */ = {
			isa = XCConfigurationList;
			buildConfigurations = (
				8460A3E32124E3460013EFE5 /* Debug */,
				8460A3E42124E3460013EFE5 /* Release */,
			);
			defaultConfigurationIsVisible = 0;
			defaultConfigurationName = Release;
		};
/* End XCConfigurationList section */

/* Begin XCVersionGroup section */
		8460A3D72124E3460013EFE5 /* RNews.xcdatamodeld */ = {
			isa = XCVersionGroup;
			children = (
				8460A3D82124E3460013EFE5 /* RNews.xcdatamodel */,
			);
			currentVersion = 8460A3D82124E3460013EFE5 /* RNews.xcdatamodel */;
			path = RNews.xcdatamodeld;
			sourceTree = "<group>";
			versionGroupType = wrapper.xcdatamodel;
		};
/* End XCVersionGroup section */
	};
	rootObject = 8460A3C52124E3450013EFE5 /* Project object */;
}
